
Microsoft Visual Studio Solution File, Format Version 12.00
# Visual Studio Version 17
VisualStudioVersion = 17.11.35312.102
MinimumVisualStudioVersion = 10.0.40219.1
Project("{9A19103F-16F7-4668-BE54-9A1E7A4F7556}") = "BpMeter.UI", "BpMeter\BpMeter.UI.csproj", "{F283CBCC-CC5D-40B8-A34F-21CDF1D61803}"
EndProject
Project("{9A19103F-16F7-4668-BE54-9A1E7A4F7556}") = "BpMeter.Application", "BpMeter.Application\BpMeter.Application.csproj", "{4ABEE4C9-A028-4061-8890-0E001B1CF1AF}"
EndProject
Project("{9A19103F-16F7-4668-BE54-9A1E7A4F7556}") = "BpMeter.Domain", "BpMeter.Domain\BpMeter.Domain.csproj", "{7D409ED6-0685-4E95-9AFC-A874046C65E9}"
EndProject
Project("{2150E333-8FDC-42A3-9474-1A3956D46DE8}") = "Infrastructure", "Infrastructure", "{6242AC50-7670-4E76-9A39-3F84F27E7285}"
EndProject
Project("{2150E333-8FDC-42A3-9474-1A3956D46DE8}") = "Database", "Database", "{FC02AD8E-122B-4549-9939-C0B3277AB7A6}"
EndProject
Project("{FAE04EC0-301F-11D3-BF4B-00C04F79EFBC}") = "BpMeter.Infrastructure.Database.Enitites", "BpMeter.Infrastructure.Database.Models\BpMeter.Infrastructure.Database.Enitites.csproj", "{03BF8299-C06C-4869-8D60-8AD2793955F9}"
EndProject
Project("{FAE04EC0-301F-11D3-BF4B-00C04F79EFBC}") = "BpMeter.Infrastructure.Database.SqlLite", "BpMeter.Infrastructure.Database.SqlLite\BpMeter.Infrastructure.Database.SqlLite.csproj", "{6CAF4899-14FE-42A6-9472-868792D1D61E}"
EndProject
Project("{FAE04EC0-301F-11D3-BF4B-00C04F79EFBC}") = "BpMeter.Infrastructure.Database.PostgreSQL", "BpMeter.Infrastructure.Database.PostgreSQL\BpMeter.Infrastructure.Database.PostgreSQL.csproj", "{2CD3877F-7301-4253-B518-EF0269D763DE}"
EndProject
Global
	GlobalSection(SolutionConfigurationPlatforms) = preSolution
		Debug|Any CPU = Debug|Any CPU
		Release|Any CPU = Release|Any CPU
	EndGlobalSection
	GlobalSection(ProjectConfigurationPlatforms) = postSolution
		{F283CBCC-CC5D-40B8-A34F-21CDF1D61803}.Debug|Any CPU.ActiveCfg = Debug|Any CPU
		{F283CBCC-CC5D-40B8-A34F-21CDF1D61803}.Debug|Any CPU.Build.0 = Debug|Any CPU
		{F283CBCC-CC5D-40B8-A34F-21CDF1D61803}.Debug|Any CPU.Deploy.0 = Debug|Any CPU
		{F283CBCC-CC5D-40B8-A34F-21CDF1D61803}.Release|Any CPU.ActiveCfg = Release|Any CPU
		{F283CBCC-CC5D-40B8-A34F-21CDF1D61803}.Release|Any CPU.Build.0 = Release|Any CPU
		{F283CBCC-CC5D-40B8-A34F-21CDF1D61803}.Release|Any CPU.Deploy.0 = Release|Any CPU
		{4ABEE4C9-A028-4061-8890-0E001B1CF1AF}.Debug|Any CPU.ActiveCfg = Debug|Any CPU
		{4ABEE4C9-A028-4061-8890-0E001B1CF1AF}.Debug|Any CPU.Build.0 = Debug|Any CPU
		{4ABEE4C9-A028-4061-8890-0E001B1CF1AF}.Release|Any CPU.ActiveCfg = Release|Any CPU
		{4ABEE4C9-A028-4061-8890-0E001B1CF1AF}.Release|Any CPU.Build.0 = Release|Any CPU
		{7D409ED6-0685-4E95-9AFC-A874046C65E9}.Debug|Any CPU.ActiveCfg = Debug|Any CPU
		{7D409ED6-0685-4E95-9AFC-A874046C65E9}.Debug|Any CPU.Build.0 = Debug|Any CPU
		{7D409ED6-0685-4E95-9AFC-A874046C65E9}.Release|Any CPU.ActiveCfg = Release|Any CPU
		{7D409ED6-0685-4E95-9AFC-A874046C65E9}.Release|Any CPU.Build.0 = Release|Any CPU
		{03BF8299-C06C-4869-8D60-8AD2793955F9}.Debug|Any CPU.ActiveCfg = Debug|Any CPU
		{03BF8299-C06C-4869-8D60-8AD2793955F9}.Debug|Any CPU.Build.0 = Debug|Any CPU
		{03BF8299-C06C-4869-8D60-8AD2793955F9}.Release|Any CPU.ActiveCfg = Release|Any CPU
		{03BF8299-C06C-4869-8D60-8AD2793955F9}.Release|Any CPU.Build.0 = Release|Any CPU
		{6CAF4899-14FE-42A6-9472-868792D1D61E}.Debug|Any CPU.ActiveCfg = Debug|Any CPU
		{6CAF4899-14FE-42A6-9472-868792D1D61E}.Debug|Any CPU.Build.0 = Debug|Any CPU
		{6CAF4899-14FE-42A6-9472-868792D1D61E}.Release|Any CPU.ActiveCfg = Release|Any CPU
		{6CAF4899-14FE-42A6-9472-868792D1D61E}.Release|Any CPU.Build.0 = Release|Any CPU
		{2CD3877F-7301-4253-B518-EF0269D763DE}.Debug|Any CPU.ActiveCfg = Debug|Any CPU
		{2CD3877F-7301-4253-B518-EF0269D763DE}.Debug|Any CPU.Build.0 = Debug|Any CPU
		{2CD3877F-7301-4253-B518-EF0269D763DE}.Release|Any CPU.ActiveCfg = Release|Any CPU
		{2CD3877F-7301-4253-B518-EF0269D763DE}.Release|Any CPU.Build.0 = Release|Any CPU
	EndGlobalSection
	GlobalSection(SolutionProperties) = preSolution
		HideSolutionNode = FALSE
	EndGlobalSection
	GlobalSection(NestedProjects) = preSolution
		{FC02AD8E-122B-4549-9939-C0B3277AB7A6} = {6242AC50-7670-4E76-9A39-3F84F27E7285}
		{03BF8299-C06C-4869-8D60-8AD2793955F9} = {FC02AD8E-122B-4549-9939-C0B3277AB7A6}
		{6CAF4899-14FE-42A6-9472-868792D1D61E} = {FC02AD8E-122B-4549-9939-C0B3277AB7A6}
		{2CD3877F-7301-4253-B518-EF0269D763DE} = {FC02AD8E-122B-4549-9939-C0B3277AB7A6}
	EndGlobalSection
	GlobalSection(ExtensibilityGlobals) = postSolution
		SolutionGuid = {630B4618-4476-436D-9F78-7EF446E50FA0}
	EndGlobalSection
EndGlobal
