
Microsoft Visual Studio Solution File, Format Version 12.00
# Visual Studio Version 17
VisualStudioVersion = 17.11.35312.102
MinimumVisualStudioVersion = 10.0.40219.1
Project("{9A19103F-16F7-4668-BE54-9A1E7A4F7556}") = "BpMeter.UI", "BpMeter\BpMeter.UI.csproj", "{F283CBCC-CC5D-40B8-A34F-21CDF1D61803}"
EndProject
Project("{FAE04EC0-301F-11D3-BF4B-00C04F79EFBC}") = "BpMeter.Application", "BpMeter.Application\BpMeter.Application.csproj", "{4ABEE4C9-A028-4061-8890-0E001B1CF1AF}"
EndProject
Project("{FAE04EC0-301F-11D3-BF4B-00C04F79EFBC}") = "BpMeter.Domain", "BpMeter.Domain\BpMeter.Domain.csproj", "{7D409ED6-0685-4E95-9AFC-A874046C65E9}"
EndProject
Project("{FAE04EC0-301F-11D3-BF4B-00C04F79EFBC}") = "BpMeter.Infrastructure", "BpMeter.Infrastructure\BpMeter.Infrastructure.csproj", "{7996F474-7A0A-433E-B4AA-F36BC0A35DA5}"
EndProject
Global
	GlobalSection(SolutionConfigurationPlatforms) = preSolution
		Debug|Any CPU = Debug|Any CPU
		Release|Any CPU = Release|Any CPU
	EndGlobalSection
	GlobalSection(ProjectConfigurationPlatforms) = postSolution
		{F283CBCC-CC5D-40B8-A34F-21CDF1D61803}.Debug|Any CPU.ActiveCfg = Debug|Any CPU
		{F283CBCC-CC5D-40B8-A34F-21CDF1D61803}.Debug|Any CPU.Build.0 = Debug|Any CPU
		{F283CBCC-CC5D-40B8-A34F-21CDF1D61803}.Debug|Any CPU.Deploy.0 = Debug|Any CPU
		{F283CBCC-CC5D-40B8-A34F-21CDF1D61803}.Release|Any CPU.ActiveCfg = Release|Any CPU
		{F283CBCC-CC5D-40B8-A34F-21CDF1D61803}.Release|Any CPU.Build.0 = Release|Any CPU
		{F283CBCC-CC5D-40B8-A34F-21CDF1D61803}.Release|Any CPU.Deploy.0 = Release|Any CPU
		{4ABEE4C9-A028-4061-8890-0E001B1CF1AF}.Debug|Any CPU.ActiveCfg = Debug|Any CPU
		{4ABEE4C9-A028-4061-8890-0E001B1CF1AF}.Debug|Any CPU.Build.0 = Debug|Any CPU
		{4ABEE4C9-A028-4061-8890-0E001B1CF1AF}.Release|Any CPU.ActiveCfg = Release|Any CPU
		{4ABEE4C9-A028-4061-8890-0E001B1CF1AF}.Release|Any CPU.Build.0 = Release|Any CPU
		{7D409ED6-0685-4E95-9AFC-A874046C65E9}.Debug|Any CPU.ActiveCfg = Debug|Any CPU
		{7D409ED6-0685-4E95-9AFC-A874046C65E9}.Debug|Any CPU.Build.0 = Debug|Any CPU
		{7D409ED6-0685-4E95-9AFC-A874046C65E9}.Release|Any CPU.ActiveCfg = Release|Any CPU
		{7D409ED6-0685-4E95-9AFC-A874046C65E9}.Release|Any CPU.Build.0 = Release|Any CPU
		{7996F474-7A0A-433E-B4AA-F36BC0A35DA5}.Debug|Any CPU.ActiveCfg = Debug|Any CPU
		{7996F474-7A0A-433E-B4AA-F36BC0A35DA5}.Debug|Any CPU.Build.0 = Debug|Any CPU
		{7996F474-7A0A-433E-B4AA-F36BC0A35DA5}.Release|Any CPU.ActiveCfg = Release|Any CPU
		{7996F474-7A0A-433E-B4AA-F36BC0A35DA5}.Release|Any CPU.Build.0 = Release|Any CPU
	EndGlobalSection
	GlobalSection(SolutionProperties) = preSolution
		HideSolutionNode = FALSE
	EndGlobalSection
	GlobalSection(ExtensibilityGlobals) = postSolution
		SolutionGuid = {630B4618-4476-436D-9F78-7EF446E50FA0}
	EndGlobalSection
EndGlobal
